
Microsoft Visual Studio Solution File, Format Version 12.00
# Visual Studio Version 17
VisualStudioVersion = 17.0.31903.59
MinimumVisualStudioVersion = 10.0.40219.1
Project("{9A19103F-16F7-4668-BE54-9A1E7A4F7556}") = "Ishop.Domain", "Ishop.Domain\Ishop.Domain.csproj", "{FD5411EE-6EF8-4BCA-BEF6-FBAB246FBC5F}"
EndProject
Project("{9A19103F-16F7-4668-BE54-9A1E7A4F7556}") = "Ishop.Infrastructure", "Ishop.Infrastructure\Ishop.Infrastructure.csproj", "{91388445-BB12-4A13-A9D6-F3CC7A62BD54}"
EndProject
Project("{9A19103F-16F7-4668-BE54-9A1E7A4F7556}") = "Ishop.Application", "Ishop.Application\Ishop.Application.csproj", "{A5545D15-831A-4EF7-97FA-60EE95B2AE5C}"
EndProject
Project("{9A19103F-16F7-4668-BE54-9A1E7A4F7556}") = "Ishop.Gui", "Ishop.Gui\Ishop.Gui.csproj", "{690EA739-DDA0-4DD0-9C47-DF68D8512707}"
EndProject
Project("{E53339B2-1760-4266-BCC7-CA923CBCF16C}") = "docker-compose", "docker-compose.dcproj", "{BB0959E6-1BEC-4E27-A6D4-87137B480771}"
EndProject
Global
	GlobalSection(SolutionConfigurationPlatforms) = preSolution
		Debug|Any CPU = Debug|Any CPU
		Release|Any CPU = Release|Any CPU
	EndGlobalSection
	GlobalSection(ProjectConfigurationPlatforms) = postSolution
		{FD5411EE-6EF8-4BCA-BEF6-FBAB246FBC5F}.Debug|Any CPU.ActiveCfg = Debug|Any CPU
		{FD5411EE-6EF8-4BCA-BEF6-FBAB246FBC5F}.Debug|Any CPU.Build.0 = Debug|Any CPU
		{FD5411EE-6EF8-4BCA-BEF6-FBAB246FBC5F}.Release|Any CPU.ActiveCfg = Release|Any CPU
		{FD5411EE-6EF8-4BCA-BEF6-FBAB246FBC5F}.Release|Any CPU.Build.0 = Release|Any CPU
		{91388445-BB12-4A13-A9D6-F3CC7A62BD54}.Debug|Any CPU.ActiveCfg = Debug|Any CPU
		{91388445-BB12-4A13-A9D6-F3CC7A62BD54}.Debug|Any CPU.Build.0 = Debug|Any CPU
		{91388445-BB12-4A13-A9D6-F3CC7A62BD54}.Release|Any CPU.ActiveCfg = Release|Any CPU
		{91388445-BB12-4A13-A9D6-F3CC7A62BD54}.Release|Any CPU.Build.0 = Release|Any CPU
		{A5545D15-831A-4EF7-97FA-60EE95B2AE5C}.Debug|Any CPU.ActiveCfg = Debug|Any CPU
		{A5545D15-831A-4EF7-97FA-60EE95B2AE5C}.Debug|Any CPU.Build.0 = Debug|Any CPU
		{A5545D15-831A-4EF7-97FA-60EE95B2AE5C}.Release|Any CPU.ActiveCfg = Release|Any CPU
		{A5545D15-831A-4EF7-97FA-60EE95B2AE5C}.Release|Any CPU.Build.0 = Release|Any CPU
		{690EA739-DDA0-4DD0-9C47-DF68D8512707}.Debug|Any CPU.ActiveCfg = Debug|Any CPU
		{690EA739-DDA0-4DD0-9C47-DF68D8512707}.Debug|Any CPU.Build.0 = Debug|Any CPU
		{690EA739-DDA0-4DD0-9C47-DF68D8512707}.Release|Any CPU.ActiveCfg = Release|Any CPU
		{690EA739-DDA0-4DD0-9C47-DF68D8512707}.Release|Any CPU.Build.0 = Release|Any CPU
		{BB0959E6-1BEC-4E27-A6D4-87137B480771}.Debug|Any CPU.ActiveCfg = Debug|Any CPU
		{BB0959E6-1BEC-4E27-A6D4-87137B480771}.Debug|Any CPU.Build.0 = Debug|Any CPU
		{BB0959E6-1BEC-4E27-A6D4-87137B480771}.Release|Any CPU.ActiveCfg = Release|Any CPU
		{BB0959E6-1BEC-4E27-A6D4-87137B480771}.Release|Any CPU.Build.0 = Release|Any CPU
	EndGlobalSection
	GlobalSection(SolutionProperties) = preSolution
		HideSolutionNode = FALSE
	EndGlobalSection
EndGlobal
